// !$*UTF8*$!
{
	archiveVersion = 1;
	classes = {
	};
	objectVersion = 50;
	objects = {

/* Begin PBXBuildFile section */
		65CFBE5626CF466600558638 /* AppDelegate.swift in Sources */ = {isa = PBXBuildFile; fileRef = 65CFBE5526CF466600558638 /* AppDelegate.swift */; };
		65CFBE5826CF466600558638 /* SceneDelegate.swift in Sources */ = {isa = PBXBuildFile; fileRef = 65CFBE5726CF466600558638 /* SceneDelegate.swift */; };
		65CFBE5A26CF466600558638 /* ContentView.swift in Sources */ = {isa = PBXBuildFile; fileRef = 65CFBE5926CF466600558638 /* ContentView.swift */; };
		65CFBE5D26CF466600558638 /* Collapsible_Header.xcdatamodeld in Sources */ = {isa = PBXBuildFile; fileRef = 65CFBE5B26CF466600558638 /* Collapsible_Header.xcdatamodeld */; };
		65CFBE5F26CF466700558638 /* Assets.xcassets in Resources */ = {isa = PBXBuildFile; fileRef = 65CFBE5E26CF466700558638 /* Assets.xcassets */; };
		65CFBE6226CF466700558638 /* Preview Assets.xcassets in Resources */ = {isa = PBXBuildFile; fileRef = 65CFBE6126CF466700558638 /* Preview Assets.xcassets */; };
		65CFBE6526CF466700558638 /* LaunchScreen.storyboard in Resources */ = {isa = PBXBuildFile; fileRef = 65CFBE6326CF466700558638 /* LaunchScreen.storyboard */; };
		65CFBE6F26CF48D800558638 /* Home.swift in Sources */ = {isa = PBXBuildFile; fileRef = 65CFBE6E26CF48D800558638 /* Home.swift */; };
		65CFBE7426CF73A600558638 /* OffsetModifier.swift in Sources */ = {isa = PBXBuildFile; fileRef = 65CFBE7326CF73A600558638 /* OffsetModifier.swift */; };
/* End PBXBuildFile section */

/* Begin PBXFileReference section */
		65CFBE5226CF466600558638 /* Collapsible_Header.app */ = {isa = PBXFileReference; explicitFileType = wrapper.application; includeInIndex = 0; path = Collapsible_Header.app; sourceTree = BUILT_PRODUCTS_DIR; };
		65CFBE5526CF466600558638 /* AppDelegate.swift */ = {isa = PBXFileReference; lastKnownFileType = sourcecode.swift; path = AppDelegate.swift; sourceTree = "<group>"; };
		65CFBE5726CF466600558638 /* SceneDelegate.swift */ = {isa = PBXFileReference; lastKnownFileType = sourcecode.swift; path = SceneDelegate.swift; sourceTree = "<group>"; };
		65CFBE5926CF466600558638 /* ContentView.swift */ = {isa = PBXFileReference; lastKnownFileType = sourcecode.swift; path = ContentView.swift; sourceTree = "<group>"; };
		65CFBE5C26CF466600558638 /* Collapsible_Header.xcdatamodel */ = {isa = PBXFileReference; lastKnownFileType = wrapper.xcdatamodel; path = Collapsible_Header.xcdatamodel; sourceTree = "<group>"; };
		65CFBE5E26CF466700558638 /* Assets.xcassets */ = {isa = PBXFileReference; lastKnownFileType = folder.assetcatalog; path = Assets.xcassets; sourceTree = "<group>"; };
		65CFBE6126CF466700558638 /* Preview Assets.xcassets */ = {isa = PBXFileReference; lastKnownFileType = folder.assetcatalog; path = "Preview Assets.xcassets"; sourceTree = "<group>"; };
		65CFBE6426CF466700558638 /* Base */ = {isa = PBXFileReference; lastKnownFileType = file.storyboard; name = Base; path = Base.lproj/LaunchScreen.storyboard; sourceTree = "<group>"; };
		65CFBE6626CF466700558638 /* Info.plist */ = {isa = PBXFileReference; lastKnownFileType = text.plist.xml; path = Info.plist; sourceTree = "<group>"; };
		65CFBE6E26CF48D800558638 /* Home.swift */ = {isa = PBXFileReference; lastKnownFileType = sourcecode.swift; path = Home.swift; sourceTree = "<group>"; };
		65CFBE7326CF73A600558638 /* OffsetModifier.swift */ = {isa = PBXFileReference; lastKnownFileType = sourcecode.swift; path = OffsetModifier.swift; sourceTree = "<group>"; };
/* End PBXFileReference section */

/* Begin PBXFrameworksBuildPhase section */
		65CFBE4F26CF466600558638 /* Frameworks */ = {
			isa = PBXFrameworksBuildPhase;
			buildActionMask = 2147483647;
			files = (
			);
			runOnlyForDeploymentPostprocessing = 0;
		};
/* End PBXFrameworksBuildPhase section */

/* Begin PBXGroup section */
		65CFBE4926CF466600558638 = {
			isa = PBXGroup;
			children = (
				65CFBE5426CF466600558638 /* Collapsible_Header */,
				65CFBE5326CF466600558638 /* Products */,
			);
			sourceTree = "<group>";
		};
		65CFBE5326CF466600558638 /* Products */ = {
			isa = PBXGroup;
			children = (
				65CFBE5226CF466600558638 /* Collapsible_Header.app */,
			);
			name = Products;
			sourceTree = "<group>";
		};
		65CFBE5426CF466600558638 /* Collapsible_Header */ = {
			isa = PBXGroup;
			children = (
				65CFBE7226CF737300558638 /* Modifiers */,
				65CFBE6D26CF482600558638 /* Model */,
				65CFBE6C26CF481B00558638 /* View */,
				65CFBE5526CF466600558638 /* AppDelegate.swift */,
				65CFBE5726CF466600558638 /* SceneDelegate.swift */,
				65CFBE5926CF466600558638 /* ContentView.swift */,
				65CFBE5E26CF466700558638 /* Assets.xcassets */,
				65CFBE6326CF466700558638 /* LaunchScreen.storyboard */,
				65CFBE6626CF466700558638 /* Info.plist */,
				65CFBE5B26CF466600558638 /* Collapsible_Header.xcdatamodeld */,
				65CFBE6026CF466700558638 /* Preview Content */,
			);
			path = Collapsible_Header;
			sourceTree = "<group>";
		};
		65CFBE6026CF466700558638 /* Preview Content */ = {
			isa = PBXGroup;
			children = (
				65CFBE6126CF466700558638 /* Preview Assets.xcassets */,
			);
			path = "Preview Content";
			sourceTree = "<group>";
		};
		65CFBE6C26CF481B00558638 /* View */ = {
			isa = PBXGroup;
			children = (
				65CFBE6E26CF48D800558638 /* Home.swift */,
			);
			path = View;
			sourceTree = "<group>";
		};
		65CFBE6D26CF482600558638 /* Model */ = {
			isa = PBXGroup;
			children = (
			);
			path = Model;
			sourceTree = "<group>";
		};
		65CFBE7226CF737300558638 /* Modifiers */ = {
			isa = PBXGroup;
			children = (
				65CFBE7326CF73A600558638 /* OffsetModifier.swift */,
			);
			path = Modifiers;
			sourceTree = "<group>";
		};
/* End PBXGroup section */

/* Begin PBXNativeTarget section */
		65CFBE5126CF466600558638 /* Collapsible_Header */ = {
			isa = PBXNativeTarget;
			buildConfigurationList = 65CFBE6926CF466700558638 /* Build configuration list for PBXNativeTarget "Collapsible_Header" */;
			buildPhases = (
				65CFBE4E26CF466600558638 /* Sources */,
				65CFBE4F26CF466600558638 /* Frameworks */,
				65CFBE5026CF466600558638 /* Resources */,
			);
			buildRules = (
			);
			dependencies = (
			);
			name = Collapsible_Header;
			productName = Collapsible_Header;
			productReference = 65CFBE5226CF466600558638 /* Collapsible_Header.app */;
			productType = "com.apple.product-type.application";
		};
/* End PBXNativeTarget section */

/* Begin PBXProject section */
		65CFBE4A26CF466600558638 /* Project object */ = {
			isa = PBXProject;
			attributes = {
				LastSwiftUpdateCheck = 1250;
				LastUpgradeCheck = 1250;
				TargetAttributes = {
					65CFBE5126CF466600558638 = {
						CreatedOnToolsVersion = 12.5.1;
					};
				};
			};
			buildConfigurationList = 65CFBE4D26CF466600558638 /* Build configuration list for PBXProject "Collapsible_Header" */;
			compatibilityVersion = "Xcode 9.3";
			developmentRegion = en;
			hasScannedForEncodings = 0;
			knownRegions = (
				en,
				Base,
			);
			mainGroup = 65CFBE4926CF466600558638;
			productRefGroup = 65CFBE5326CF466600558638 /* Products */;
			projectDirPath = "";
			projectRoot = "";
			targets = (
				65CFBE5126CF466600558638 /* Collapsible_Header */,
			);
		};
/* End PBXProject section */

/* Begin PBXResourcesBuildPhase section */
		65CFBE5026CF466600558638 /* Resources */ = {
			isa = PBXResourcesBuildPhase;
			buildActionMask = 2147483647;
			files = (
				65CFBE6526CF466700558638 /* LaunchScreen.storyboard in Resources */,
				65CFBE6226CF466700558638 /* Preview Assets.xcassets in Resources */,
				65CFBE5F26CF466700558638 /* Assets.xcassets in Resources */,
			);
			runOnlyForDeploymentPostprocessing = 0;
		};
/* End PBXResourcesBuildPhase section */

/* Begin PBXSourcesBuildPhase section */
		65CFBE4E26CF466600558638 /* Sources */ = {
			isa = PBXSourcesBuildPhase;
			buildActionMask = 2147483647;
			files = (
				65CFBE5626CF466600558638 /* AppDelegate.swift in Sources */,
				65CFBE5D26CF466600558638 /* Collapsible_Header.xcdatamodeld in Sources */,
				65CFBE6F26CF48D800558638 /* Home.swift in Sources */,
				65CFBE5826CF466600558638 /* SceneDelegate.swift in Sources */,
				65CFBE5A26CF466600558638 /* ContentView.swift in Sources */,
				65CFBE7426CF73A600558638 /* OffsetModifier.swift in Sources */,
			);
			runOnlyForDeploymentPostprocessing = 0;
		};
/* End PBXSourcesBuildPhase section */

/* Begin PBXVariantGroup section */
		65CFBE6326CF466700558638 /* LaunchScreen.storyboard */ = {
			isa = PBXVariantGroup;
			children = (
				65CFBE6426CF466700558638 /* Base */,
			);
			name = LaunchScreen.storyboard;
			sourceTree = "<group>";
		};
/* End PBXVariantGroup section */

/* Begin XCBuildConfiguration section */
		65CFBE6726CF466700558638 /* Debug */ = {
			isa = XCBuildConfiguration;
			buildSettings = {
				ALWAYS_SEARCH_USER_PATHS = NO;
				CLANG_ANALYZER_NONNULL = YES;
				CLANG_ANALYZER_NUMBER_OBJECT_CONVERSION = YES_AGGRESSIVE;
				CLANG_CXX_LANGUAGE_STANDARD = "gnu++14";
				CLANG_CXX_LIBRARY = "libc++";
				CLANG_ENABLE_MODULES = YES;
				CLANG_ENABLE_OBJC_ARC = YES;
				CLANG_ENABLE_OBJC_WEAK = YES;
				CLANG_WARN_BLOCK_CAPTURE_AUTORELEASING = YES;
				CLANG_WARN_BOOL_CONVERSION = YES;
				CLANG_WARN_COMMA = YES;
				CLANG_WARN_CONSTANT_CONVERSION = YES;
				CLANG_WARN_DEPRECATED_OBJC_IMPLEMENTATIONS = YES;
				CLANG_WARN_DIRECT_OBJC_ISA_USAGE = YES_ERROR;
				CLANG_WARN_DOCUMENTATION_COMMENTS = YES;
				CLANG_WARN_EMPTY_BODY = YES;
				CLANG_WARN_ENUM_CONVERSION = YES;
				CLANG_WARN_INFINITE_RECURSION = YES;
				CLANG_WARN_INT_CONVERSION = YES;
				CLANG_WARN_NON_LITERAL_NULL_CONVERSION = YES;
				CLANG_WARN_OBJC_IMPLICIT_RETAIN_SELF = YES;
				CLANG_WARN_OBJC_LITERAL_CONVERSION = YES;
				CLANG_WARN_OBJC_ROOT_CLASS = YES_ERROR;
				CLANG_WARN_QUOTED_INCLUDE_IN_FRAMEWORK_HEADER = YES;
				CLANG_WARN_RANGE_LOOP_ANALYSIS = YES;
				CLANG_WARN_STRICT_PROTOTYPES = YES;
				CLANG_WARN_SUSPICIOUS_MOVE = YES;
				CLANG_WARN_UNGUARDED_AVAILABILITY = YES_AGGRESSIVE;
				CLANG_WARN_UNREACHABLE_CODE = YES;
				CLANG_WARN__DUPLICATE_METHOD_MATCH = YES;
				COPY_PHASE_STRIP = NO;
				DEBUG_INFORMATION_FORMAT = dwarf;
				ENABLE_STRICT_OBJC_MSGSEND = YES;
				ENABLE_TESTABILITY = YES;
				GCC_C_LANGUAGE_STANDARD = gnu11;
				GCC_DYNAMIC_NO_PIC = NO;
				GCC_NO_COMMON_BLOCKS = YES;
				GCC_OPTIMIZATION_LEVEL = 0;
				GCC_PREPROCESSOR_DEFINITIONS = (
					"DEBUG=1",
					"$(inherited)",
				);
				GCC_WARN_64_TO_32_BIT_CONVERSION = YES;
				GCC_WARN_ABOUT_RETURN_TYPE = YES_ERROR;
				GCC_WARN_UNDECLARED_SELECTOR = YES;
				GCC_WARN_UNINITIALIZED_AUTOS = YES_AGGRESSIVE;
				GCC_WARN_UNUSED_FUNCTION = YES;
				GCC_WARN_UNUSED_VARIABLE = YES;
				IPHONEOS_DEPLOYMENT_TARGET = 14.5;
				MTL_ENABLE_DEBUG_INFO = INCLUDE_SOURCE;
				MTL_FAST_MATH = YES;
				ONLY_ACTIVE_ARCH = YES;
				SDKROOT = iphoneos;
				SWIFT_ACTIVE_COMPILATION_CONDITIONS = DEBUG;
				SWIFT_OPTIMIZATION_LEVEL = "-Onone";
			};
			name = Debug;
		};
		65CFBE6826CF466700558638 /* Release */ = {
			isa = XCBuildConfiguration;
			buildSettings = {
				ALWAYS_SEARCH_USER_PATHS = NO;
				CLANG_ANALYZER_NONNULL = YES;
				CLANG_ANALYZER_NUMBER_OBJECT_CONVERSION = YES_AGGRESSIVE;
				CLANG_CXX_LANGUAGE_STANDARD = "gnu++14";
				CLANG_CXX_LIBRARY = "libc++";
				CLANG_ENABLE_MODULES = YES;
				CLANG_ENABLE_OBJC_ARC = YES;
				CLANG_ENABLE_OBJC_WEAK = YES;
				CLANG_WARN_BLOCK_CAPTURE_AUTORELEASING = YES;
				CLANG_WARN_BOOL_CONVERSION = YES;
				CLANG_WARN_COMMA = YES;
				CLANG_WARN_CONSTANT_CONVERSION = YES;
				CLANG_WARN_DEPRECATED_OBJC_IMPLEMENTATIONS = YES;
				CLANG_WARN_DIRECT_OBJC_ISA_USAGE = YES_ERROR;
				CLANG_WARN_DOCUMENTATION_COMMENTS = YES;
				CLANG_WARN_EMPTY_BODY = YES;
				CLANG_WARN_ENUM_CONVERSION = YES;
				CLANG_WARN_INFINITE_RECURSION = YES;
				CLANG_WARN_INT_CONVERSION = YES;
				CLANG_WARN_NON_LITERAL_NULL_CONVERSION = YES;
				CLANG_WARN_OBJC_IMPLICIT_RETAIN_SELF = YES;
				CLANG_WARN_OBJC_LITERAL_CONVERSION = YES;
				CLANG_WARN_OBJC_ROOT_CLASS = YES_ERROR;
				CLANG_WARN_QUOTED_INCLUDE_IN_FRAMEWORK_HEADER = YES;
				CLANG_WARN_RANGE_LOOP_ANALYSIS = YES;
				CLANG_WARN_STRICT_PROTOTYPES = YES;
				CLANG_WARN_SUSPICIOUS_MOVE = YES;
				CLANG_WARN_UNGUARDED_AVAILABILITY = YES_AGGRESSIVE;
				CLANG_WARN_UNREACHABLE_CODE = YES;
				CLANG_WARN__DUPLICATE_METHOD_MATCH = YES;
				COPY_PHASE_STRIP = NO;
				DEBUG_INFORMATION_FORMAT = "dwarf-with-dsym";
				ENABLE_NS_ASSERTIONS = NO;
				ENABLE_STRICT_OBJC_MSGSEND = YES;
				GCC_C_LANGUAGE_STANDARD = gnu11;
				GCC_NO_COMMON_BLOCKS = YES;
				GCC_WARN_64_TO_32_BIT_CONVERSION = YES;
				GCC_WARN_ABOUT_RETURN_TYPE = YES_ERROR;
				GCC_WARN_UNDECLARED_SELECTOR = YES;
				GCC_WARN_UNINITIALIZED_AUTOS = YES_AGGRESSIVE;
				GCC_WARN_UNUSED_FUNCTION = YES;
				GCC_WARN_UNUSED_VARIABLE = YES;
				IPHONEOS_DEPLOYMENT_TARGET = 14.5;
				MTL_ENABLE_DEBUG_INFO = NO;
				MTL_FAST_MATH = YES;
				SDKROOT = iphoneos;
				SWIFT_COMPILATION_MODE = wholemodule;
				SWIFT_OPTIMIZATION_LEVEL = "-O";
				VALIDATE_PRODUCT = YES;
			};
			name = Release;
		};
		65CFBE6A26CF466700558638 /* Debug */ = {
			isa = XCBuildConfiguration;
			buildSettings = {
				ASSETCATALOG_COMPILER_APPICON_NAME = AppIcon;
				ASSETCATALOG_COMPILER_GLOBAL_ACCENT_COLOR_NAME = AccentColor;
				CODE_SIGN_STYLE = Automatic;
				DEVELOPMENT_ASSET_PATHS = "\"Collapsible_Header/Preview Content\"";
				DEVELOPMENT_TEAM = B434W34DLF;
				ENABLE_PREVIEWS = YES;
				INFOPLIST_FILE = Collapsible_Header/Info.plist;
				LD_RUNPATH_SEARCH_PATHS = (
					"$(inherited)",
					"@executable_path/Frameworks",
				);
				PRODUCT_BUNDLE_IDENTIFIER = "kr.ac.kpu.-.Collapsible-Header";
				PRODUCT_NAME = "$(TARGET_NAME)";
				SWIFT_VERSION = 5.0;
				TARGETED_DEVICE_FAMILY = "1,2";
			};
			name = Debug;
		};
		65CFBE6B26CF466700558638 /* Release */ = {
			isa = XCBuildConfiguration;
			buildSettings = {
				ASSETCATALOG_COMPILER_APPICON_NAME = AppIcon;
				ASSETCATALOG_COMPILER_GLOBAL_ACCENT_COLOR_NAME = AccentColor;
				CODE_SIGN_STYLE = Automatic;
				DEVELOPMENT_ASSET_PATHS = "\"Collapsible_Header/Preview Content\"";
				DEVELOPMENT_TEAM = B434W34DLF;
				ENABLE_PREVIEWS = YES;
				INFOPLIST_FILE = Collapsible_Header/Info.plist;
				LD_RUNPATH_SEARCH_PATHS = (
					"$(inherited)",
					"@executable_path/Frameworks",
				);
				PRODUCT_BUNDLE_IDENTIFIER = "kr.ac.kpu.-.Collapsible-Header";
				PRODUCT_NAME = "$(TARGET_NAME)";
				SWIFT_VERSION = 5.0;
				TARGETED_DEVICE_FAMILY = "1,2";
			};
			name = Release;
		};
/* End XCBuildConfiguration section */

/* Begin XCConfigurationList section */
		65CFBE4D26CF466600558638 /* Build configuration list for PBXProject "Collapsible_Header" */ = {
			isa = XCConfigurationList;
			buildConfigurations = (
				65CFBE6726CF466700558638 /* Debug */,
				65CFBE6826CF466700558638 /* Release */,
			);
			defaultConfigurationIsVisible = 0;
			defaultConfigurationName = Release;
		};
		65CFBE6926CF466700558638 /* Build configuration list for PBXNativeTarget "Collapsible_Header" */ = {
			isa = XCConfigurationList;
			buildConfigurations = (
				65CFBE6A26CF466700558638 /* Debug */,
				65CFBE6B26CF466700558638 /* Release */,
			);
			defaultConfigurationIsVisible = 0;
			defaultConfigurationName = Release;
		};
/* End XCConfigurationList section */

/* Begin XCVersionGroup section */
		65CFBE5B26CF466600558638 /* Collapsible_Header.xcdatamodeld */ = {
			isa = XCVersionGroup;
			children = (
				65CFBE5C26CF466600558638 /* Collapsible_Header.xcdatamodel */,
			);
			currentVersion = 65CFBE5C26CF466600558638 /* Collapsible_Header.xcdatamodel */;
			path = Collapsible_Header.xcdatamodeld;
			sourceTree = "<group>";
			versionGroupType = wrapper.xcdatamodel;
		};
/* End XCVersionGroup section */
	};
	rootObject = 65CFBE4A26CF466600558638 /* Project object */;
}
